// !$*UTF8*$!
{
	archiveVersion = 1;
	classes = {
	};
	objectVersion = 46;
	objects = {

/* Begin PBXBuildFile section */
		2C2928C71A898E3800C6576E /* MBProgressHUD.m in Sources */ = {isa = PBXBuildFile; fileRef = 2C2928C61A898E3800C6576E /* MBProgressHUD.m */; };
		2CF038721A82BC8700CA1BAE /* main.m in Sources */ = {isa = PBXBuildFile; fileRef = 2CF038711A82BC8700CA1BAE /* main.m */; };
		2CF038751A82BC8700CA1BAE /* AppDelegate.m in Sources */ = {isa = PBXBuildFile; fileRef = 2CF038741A82BC8700CA1BAE /* AppDelegate.m */; };
		2CF0387B1A82BC8700CA1BAE /* Main.storyboard in Resources */ = {isa = PBXBuildFile; fileRef = 2CF038791A82BC8700CA1BAE /* Main.storyboard */; };
		2CF0387D1A82BC8700CA1BAE /* Images.xcassets in Resources */ = {isa = PBXBuildFile; fileRef = 2CF0387C1A82BC8700CA1BAE /* Images.xcassets */; };
		2CF038801A82BC8700CA1BAE /* LaunchScreen.xib in Resources */ = {isa = PBXBuildFile; fileRef = 2CF0387E1A82BC8700CA1BAE /* LaunchScreen.xib */; };
		2CF0388C1A82BC8700CA1BAE /* NSConfArg2015HandoffTests.m in Sources */ = {isa = PBXBuildFile; fileRef = 2CF0388B1A82BC8700CA1BAE /* NSConfArg2015HandoffTests.m */; };
		2CF0389A1A82C74C00CA1BAE /* LocationViewController.m in Sources */ = {isa = PBXBuildFile; fileRef = 2CF038991A82C74C00CA1BAE /* LocationViewController.m */; };
		2CF0389D1A82C76B00CA1BAE /* TalksTableViewController.m in Sources */ = {isa = PBXBuildFile; fileRef = 2CF0389C1A82C76B00CA1BAE /* TalksTableViewController.m */; };
		2CF0389F1A82C9FB00CA1BAE /* MapKit.framework in Frameworks */ = {isa = PBXBuildFile; fileRef = 2CF0389E1A82C9FB00CA1BAE /* MapKit.framework */; };
		2CF038A31A83CC8000CA1BAE /* Talk.m in Sources */ = {isa = PBXBuildFile; fileRef = 2CF038A21A83CC8000CA1BAE /* Talk.m */; };
		2CF038A61A83D41000CA1BAE /* Location.m in Sources */ = {isa = PBXBuildFile; fileRef = 2CF038A51A83D41000CA1BAE /* Location.m */; };
/* End PBXBuildFile section */

/* Begin PBXContainerItemProxy section */
		2CF038861A82BC8700CA1BAE /* PBXContainerItemProxy */ = {
			isa = PBXContainerItemProxy;
			containerPortal = 2CF038641A82BC8700CA1BAE /* Project object */;
			proxyType = 1;
			remoteGlobalIDString = 2CF0386B1A82BC8700CA1BAE;
			remoteInfo = NSConfArg2015Handoff;
		};
/* End PBXContainerItemProxy section */

/* Begin PBXFileReference section */
		2C2928C51A898E3800C6576E /* MBProgressHUD.h */ = {isa = PBXFileReference; fileEncoding = 4; lastKnownFileType = sourcecode.c.h; path = MBProgressHUD.h; sourceTree = "<group>"; };
		2C2928C61A898E3800C6576E /* MBProgressHUD.m */ = {isa = PBXFileReference; fileEncoding = 4; lastKnownFileType = sourcecode.c.objc; path = MBProgressHUD.m; sourceTree = "<group>"; };
		2CC24C901ABC6E2700D141E4 /* NSConfArg2015Handoff.entitlements */ = {isa = PBXFileReference; lastKnownFileType = text.xml; path = NSConfArg2015Handoff.entitlements; sourceTree = "<group>"; };
		2CF0386C1A82BC8700CA1BAE /* NSConfArg2015Handoff.app */ = {isa = PBXFileReference; explicitFileType = wrapper.application; includeInIndex = 0; path = NSConfArg2015Handoff.app; sourceTree = BUILT_PRODUCTS_DIR; };
		2CF038701A82BC8700CA1BAE /* Info.plist */ = {isa = PBXFileReference; lastKnownFileType = text.plist.xml; path = Info.plist; sourceTree = "<group>"; };
		2CF038711A82BC8700CA1BAE /* main.m */ = {isa = PBXFileReference; lastKnownFileType = sourcecode.c.objc; path = main.m; sourceTree = "<group>"; };
		2CF038731A82BC8700CA1BAE /* AppDelegate.h */ = {isa = PBXFileReference; lastKnownFileType = sourcecode.c.h; path = AppDelegate.h; sourceTree = "<group>"; };
		2CF038741A82BC8700CA1BAE /* AppDelegate.m */ = {isa = PBXFileReference; lastKnownFileType = sourcecode.c.objc; path = AppDelegate.m; sourceTree = "<group>"; };
		2CF0387A1A82BC8700CA1BAE /* Base */ = {isa = PBXFileReference; lastKnownFileType = file.storyboard; name = Base; path = Base.lproj/Main.storyboard; sourceTree = "<group>"; };
		2CF0387C1A82BC8700CA1BAE /* Images.xcassets */ = {isa = PBXFileReference; lastKnownFileType = folder.assetcatalog; path = Images.xcassets; sourceTree = "<group>"; };
		2CF0387F1A82BC8700CA1BAE /* Base */ = {isa = PBXFileReference; lastKnownFileType = file.xib; name = Base; path = Base.lproj/LaunchScreen.xib; sourceTree = "<group>"; };
		2CF038851A82BC8700CA1BAE /* NSConfArg2015HandoffTests.xctest */ = {isa = PBXFileReference; explicitFileType = wrapper.cfbundle; includeInIndex = 0; path = NSConfArg2015HandoffTests.xctest; sourceTree = BUILT_PRODUCTS_DIR; };
		2CF0388A1A82BC8700CA1BAE /* Info.plist */ = {isa = PBXFileReference; lastKnownFileType = text.plist.xml; path = Info.plist; sourceTree = "<group>"; };
		2CF0388B1A82BC8700CA1BAE /* NSConfArg2015HandoffTests.m */ = {isa = PBXFileReference; lastKnownFileType = sourcecode.c.objc; path = NSConfArg2015HandoffTests.m; sourceTree = "<group>"; };
		2CF038981A82C74C00CA1BAE /* LocationViewController.h */ = {isa = PBXFileReference; fileEncoding = 4; lastKnownFileType = sourcecode.c.h; path = LocationViewController.h; sourceTree = "<group>"; };
		2CF038991A82C74C00CA1BAE /* LocationViewController.m */ = {isa = PBXFileReference; fileEncoding = 4; lastKnownFileType = sourcecode.c.objc; path = LocationViewController.m; sourceTree = "<group>"; };
		2CF0389B1A82C76B00CA1BAE /* TalksTableViewController.h */ = {isa = PBXFileReference; fileEncoding = 4; lastKnownFileType = sourcecode.c.h; path = TalksTableViewController.h; sourceTree = "<group>"; };
		2CF0389C1A82C76B00CA1BAE /* TalksTableViewController.m */ = {isa = PBXFileReference; fileEncoding = 4; lastKnownFileType = sourcecode.c.objc; path = TalksTableViewController.m; sourceTree = "<group>"; };
		2CF0389E1A82C9FB00CA1BAE /* MapKit.framework */ = {isa = PBXFileReference; lastKnownFileType = wrapper.framework; name = MapKit.framework; path = System/Library/Frameworks/MapKit.framework; sourceTree = SDKROOT; };
		2CF038A11A83CC8000CA1BAE /* Talk.h */ = {isa = PBXFileReference; fileEncoding = 4; lastKnownFileType = sourcecode.c.h; path = Talk.h; sourceTree = "<group>"; };
		2CF038A21A83CC8000CA1BAE /* Talk.m */ = {isa = PBXFileReference; fileEncoding = 4; lastKnownFileType = sourcecode.c.objc; path = Talk.m; sourceTree = "<group>"; };
		2CF038A41A83D41000CA1BAE /* Location.h */ = {isa = PBXFileReference; fileEncoding = 4; lastKnownFileType = sourcecode.c.h; path = Location.h; sourceTree = "<group>"; };
		2CF038A51A83D41000CA1BAE /* Location.m */ = {isa = PBXFileReference; fileEncoding = 4; lastKnownFileType = sourcecode.c.objc; path = Location.m; sourceTree = "<group>"; };
/* End PBXFileReference section */

/* Begin PBXFrameworksBuildPhase section */
		2CF038691A82BC8700CA1BAE /* Frameworks */ = {
			isa = PBXFrameworksBuildPhase;
			buildActionMask = 2147483647;
			files = (
				2CF0389F1A82C9FB00CA1BAE /* MapKit.framework in Frameworks */,
			);
			runOnlyForDeploymentPostprocessing = 0;
		};
		2CF038821A82BC8700CA1BAE /* Frameworks */ = {
			isa = PBXFrameworksBuildPhase;
			buildActionMask = 2147483647;
			files = (
			);
			runOnlyForDeploymentPostprocessing = 0;
		};
/* End PBXFrameworksBuildPhase section */

/* Begin PBXGroup section */
		2C2928C41A898E1F00C6576E /* MBProgressHUD */ = {
			isa = PBXGroup;
			children = (
				2C2928C51A898E3800C6576E /* MBProgressHUD.h */,
				2C2928C61A898E3800C6576E /* MBProgressHUD.m */,
			);
			name = MBProgressHUD;
			sourceTree = "<group>";
		};
		2CF038631A82BC8700CA1BAE = {
			isa = PBXGroup;
			children = (
				2CF0389E1A82C9FB00CA1BAE /* MapKit.framework */,
				2CF0386E1A82BC8700CA1BAE /* NSConfArg2015Handoff */,
				2CF038881A82BC8700CA1BAE /* NSConfArg2015HandoffTests */,
				2CF0386D1A82BC8700CA1BAE /* Products */,
			);
			sourceTree = "<group>";
		};
		2CF0386D1A82BC8700CA1BAE /* Products */ = {
			isa = PBXGroup;
			children = (
				2CF0386C1A82BC8700CA1BAE /* NSConfArg2015Handoff.app */,
				2CF038851A82BC8700CA1BAE /* NSConfArg2015HandoffTests.xctest */,
			);
			name = Products;
			sourceTree = "<group>";
		};
		2CF0386E1A82BC8700CA1BAE /* NSConfArg2015Handoff */ = {
			isa = PBXGroup;
			children = (
				2CC24C901ABC6E2700D141E4 /* NSConfArg2015Handoff.entitlements */,
				2C2928C41A898E1F00C6576E /* MBProgressHUD */,
				2CF038A01A83CC6E00CA1BAE /* Model */,
				2CF038731A82BC8700CA1BAE /* AppDelegate.h */,
				2CF038741A82BC8700CA1BAE /* AppDelegate.m */,
				2CF038981A82C74C00CA1BAE /* LocationViewController.h */,
				2CF038991A82C74C00CA1BAE /* LocationViewController.m */,
				2CF0389B1A82C76B00CA1BAE /* TalksTableViewController.h */,
				2CF0389C1A82C76B00CA1BAE /* TalksTableViewController.m */,
				2CF038791A82BC8700CA1BAE /* Main.storyboard */,
				2CF0387C1A82BC8700CA1BAE /* Images.xcassets */,
				2CF0387E1A82BC8700CA1BAE /* LaunchScreen.xib */,
				2CF0386F1A82BC8700CA1BAE /* Supporting Files */,
			);
			path = NSConfArg2015Handoff;
			sourceTree = "<group>";
		};
		2CF0386F1A82BC8700CA1BAE /* Supporting Files */ = {
			isa = PBXGroup;
			children = (
				2CF038701A82BC8700CA1BAE /* Info.plist */,
				2CF038711A82BC8700CA1BAE /* main.m */,
			);
			name = "Supporting Files";
			sourceTree = "<group>";
		};
		2CF038881A82BC8700CA1BAE /* NSConfArg2015HandoffTests */ = {
			isa = PBXGroup;
			children = (
				2CF0388B1A82BC8700CA1BAE /* NSConfArg2015HandoffTests.m */,
				2CF038891A82BC8700CA1BAE /* Supporting Files */,
			);
			path = NSConfArg2015HandoffTests;
			sourceTree = "<group>";
		};
		2CF038891A82BC8700CA1BAE /* Supporting Files */ = {
			isa = PBXGroup;
			children = (
				2CF0388A1A82BC8700CA1BAE /* Info.plist */,
			);
			name = "Supporting Files";
			sourceTree = "<group>";
		};
		2CF038A01A83CC6E00CA1BAE /* Model */ = {
			isa = PBXGroup;
			children = (
				2CF038A11A83CC8000CA1BAE /* Talk.h */,
				2CF038A21A83CC8000CA1BAE /* Talk.m */,
				2CF038A41A83D41000CA1BAE /* Location.h */,
				2CF038A51A83D41000CA1BAE /* Location.m */,
			);
			name = Model;
			sourceTree = "<group>";
		};
/* End PBXGroup section */

/* Begin PBXNativeTarget section */
		2CF0386B1A82BC8700CA1BAE /* NSConfArg2015Handoff */ = {
			isa = PBXNativeTarget;
			buildConfigurationList = 2CF0388F1A82BC8700CA1BAE /* Build configuration list for PBXNativeTarget "NSConfArg2015Handoff" */;
			buildPhases = (
				2CF038681A82BC8700CA1BAE /* Sources */,
				2CF038691A82BC8700CA1BAE /* Frameworks */,
				2CF0386A1A82BC8700CA1BAE /* Resources */,
			);
			buildRules = (
			);
			dependencies = (
			);
			name = NSConfArg2015Handoff;
			productName = NSConfArg2015Handoff;
			productReference = 2CF0386C1A82BC8700CA1BAE /* NSConfArg2015Handoff.app */;
			productType = "com.apple.product-type.application";
		};
		2CF038841A82BC8700CA1BAE /* NSConfArg2015HandoffTests */ = {
			isa = PBXNativeTarget;
			buildConfigurationList = 2CF038921A82BC8700CA1BAE /* Build configuration list for PBXNativeTarget "NSConfArg2015HandoffTests" */;
			buildPhases = (
				2CF038811A82BC8700CA1BAE /* Sources */,
				2CF038821A82BC8700CA1BAE /* Frameworks */,
				2CF038831A82BC8700CA1BAE /* Resources */,
			);
			buildRules = (
			);
			dependencies = (
				2CF038871A82BC8700CA1BAE /* PBXTargetDependency */,
			);
			name = NSConfArg2015HandoffTests;
			productName = NSConfArg2015HandoffTests;
			productReference = 2CF038851A82BC8700CA1BAE /* NSConfArg2015HandoffTests.xctest */;
			productType = "com.apple.product-type.bundle.unit-test";
		};
/* End PBXNativeTarget section */

/* Begin PBXProject section */
		2CF038641A82BC8700CA1BAE /* Project object */ = {
			isa = PBXProject;
			attributes = {
				LastUpgradeCheck = 0610;
				ORGANIZATIONNAME = "Martin Blech";
				TargetAttributes = {
					2CF0386B1A82BC8700CA1BAE = {
						CreatedOnToolsVersion = 6.1.1;
						DevelopmentTeam = 27552EM3R4;
						SystemCapabilities = {
							com.apple.Maps.iOS = {
								enabled = 1;
							};
							com.apple.SafariKeychain = {
								enabled = 1;
							};
						};
					};
					2CF038841A82BC8700CA1BAE = {
						CreatedOnToolsVersion = 6.1.1;
						TestTargetID = 2CF0386B1A82BC8700CA1BAE;
					};
				};
			};
			buildConfigurationList = 2CF038671A82BC8700CA1BAE /* Build configuration list for PBXProject "NSConfArg2015Handoff" */;
			compatibilityVersion = "Xcode 3.2";
			developmentRegion = English;
			hasScannedForEncodings = 0;
			knownRegions = (
				en,
				Base,
			);
			mainGroup = 2CF038631A82BC8700CA1BAE;
			productRefGroup = 2CF0386D1A82BC8700CA1BAE /* Products */;
			projectDirPath = "";
			projectRoot = "";
			targets = (
				2CF0386B1A82BC8700CA1BAE /* NSConfArg2015Handoff */,
				2CF038841A82BC8700CA1BAE /* NSConfArg2015HandoffTests */,
			);
		};
/* End PBXProject section */

/* Begin PBXResourcesBuildPhase section */
		2CF0386A1A82BC8700CA1BAE /* Resources */ = {
			isa = PBXResourcesBuildPhase;
			buildActionMask = 2147483647;
			files = (
				2CF0387B1A82BC8700CA1BAE /* Main.storyboard in Resources */,
				2CF038801A82BC8700CA1BAE /* LaunchScreen.xib in Resources */,
				2CF0387D1A82BC8700CA1BAE /* Images.xcassets in Resources */,
			);
			runOnlyForDeploymentPostprocessing = 0;
		};
		2CF038831A82BC8700CA1BAE /* Resources */ = {
			isa = PBXResourcesBuildPhase;
			buildActionMask = 2147483647;
			files = (
			);
			runOnlyForDeploymentPostprocessing = 0;
		};
/* End PBXResourcesBuildPhase section */

/* Begin PBXSourcesBuildPhase section */
		2CF038681A82BC8700CA1BAE /* Sources */ = {
			isa = PBXSourcesBuildPhase;
			buildActionMask = 2147483647;
			files = (
				2CF038A31A83CC8000CA1BAE /* Talk.m in Sources */,
				2CF038751A82BC8700CA1BAE /* AppDelegate.m in Sources */,
				2CF0389A1A82C74C00CA1BAE /* LocationViewController.m in Sources */,
				2CF038721A82BC8700CA1BAE /* main.m in Sources */,
				2CF038A61A83D41000CA1BAE /* Location.m in Sources */,
				2CF0389D1A82C76B00CA1BAE /* TalksTableViewController.m in Sources */,
				2C2928C71A898E3800C6576E /* MBProgressHUD.m in Sources */,
			);
			runOnlyForDeploymentPostprocessing = 0;
		};
		2CF038811A82BC8700CA1BAE /* Sources */ = {
			isa = PBXSourcesBuildPhase;
			buildActionMask = 2147483647;
			files = (
				2CF0388C1A82BC8700CA1BAE /* NSConfArg2015HandoffTests.m in Sources */,
			);
			runOnlyForDeploymentPostprocessing = 0;
		};
/* End PBXSourcesBuildPhase section */

/* Begin PBXTargetDependency section */
		2CF038871A82BC8700CA1BAE /* PBXTargetDependency */ = {
			isa = PBXTargetDependency;
			target = 2CF0386B1A82BC8700CA1BAE /* NSConfArg2015Handoff */;
			targetProxy = 2CF038861A82BC8700CA1BAE /* PBXContainerItemProxy */;
		};
/* End PBXTargetDependency section */

/* Begin PBXVariantGroup section */
		2CF038791A82BC8700CA1BAE /* Main.storyboard */ = {
			isa = PBXVariantGroup;
			children = (
				2CF0387A1A82BC8700CA1BAE /* Base */,
			);
			name = Main.storyboard;
			sourceTree = "<group>";
		};
		2CF0387E1A82BC8700CA1BAE /* LaunchScreen.xib */ = {
			isa = PBXVariantGroup;
			children = (
				2CF0387F1A82BC8700CA1BAE /* Base */,
			);
			name = LaunchScreen.xib;
			sourceTree = "<group>";
		};
/* End PBXVariantGroup section */

/* Begin XCBuildConfiguration section */
		2CF0388D1A82BC8700CA1BAE /* Debug */ = {
			isa = XCBuildConfiguration;
			buildSettings = {
				ALWAYS_SEARCH_USER_PATHS = NO;
				CLANG_CXX_LANGUAGE_STANDARD = "gnu++0x";
				CLANG_CXX_LIBRARY = "libc++";
				CLANG_ENABLE_MODULES = YES;
				CLANG_ENABLE_OBJC_ARC = YES;
				CLANG_WARN_BOOL_CONVERSION = YES;
				CLANG_WARN_CONSTANT_CONVERSION = YES;
				CLANG_WARN_DIRECT_OBJC_ISA_USAGE = YES_ERROR;
				CLANG_WARN_EMPTY_BODY = YES;
				CLANG_WARN_ENUM_CONVERSION = YES;
				CLANG_WARN_INT_CONVERSION = YES;
				CLANG_WARN_OBJC_ROOT_CLASS = YES_ERROR;
				CLANG_WARN_UNREACHABLE_CODE = YES;
				CLANG_WARN__DUPLICATE_METHOD_MATCH = YES;
				"CODE_SIGN_IDENTITY[sdk=iphoneos*]" = "iPhone Developer";
				COPY_PHASE_STRIP = NO;
				ENABLE_STRICT_OBJC_MSGSEND = YES;
				GCC_C_LANGUAGE_STANDARD = gnu99;
				GCC_DYNAMIC_NO_PIC = NO;
				GCC_OPTIMIZATION_LEVEL = 0;
				GCC_PREPROCESSOR_DEFINITIONS = (
					"DEBUG=1",
					"$(inherited)",
				);
				GCC_SYMBOLS_PRIVATE_EXTERN = NO;
				GCC_WARN_64_TO_32_BIT_CONVERSION = YES;
				GCC_WARN_ABOUT_RETURN_TYPE = YES_ERROR;
				GCC_WARN_UNDECLARED_SELECTOR = YES;
				GCC_WARN_UNINITIALIZED_AUTOS = YES_AGGRESSIVE;
				GCC_WARN_UNUSED_FUNCTION = YES;
				GCC_WARN_UNUSED_VARIABLE = YES;
				IPHONEOS_DEPLOYMENT_TARGET = 8.1;
				MTL_ENABLE_DEBUG_INFO = YES;
				ONLY_ACTIVE_ARCH = YES;
				SDKROOT = iphoneos;
				TARGETED_DEVICE_FAMILY = "1,2";
			};
			name = Debug;
		};
		2CF0388E1A82BC8700CA1BAE /* Release */ = {
			isa = XCBuildConfiguration;
			buildSettings = {
				ALWAYS_SEARCH_USER_PATHS = NO;
				CLANG_CXX_LANGUAGE_STANDARD = "gnu++0x";
				CLANG_CXX_LIBRARY = "libc++";
				CLANG_ENABLE_MODULES = YES;
				CLANG_ENABLE_OBJC_ARC = YES;
				CLANG_WARN_BOOL_CONVERSION = YES;
				CLANG_WARN_CONSTANT_CONVERSION = YES;
				CLANG_WARN_DIRECT_OBJC_ISA_USAGE = YES_ERROR;
				CLANG_WARN_EMPTY_BODY = YES;
				CLANG_WARN_ENUM_CONVERSION = YES;
				CLANG_WARN_INT_CONVERSION = YES;
				CLANG_WARN_OBJC_ROOT_CLASS = YES_ERROR;
				CLANG_WARN_UNREACHABLE_CODE = YES;
				CLANG_WARN__DUPLICATE_METHOD_MATCH = YES;
				"CODE_SIGN_IDENTITY[sdk=iphoneos*]" = "iPhone Developer";
				COPY_PHASE_STRIP = YES;
				ENABLE_NS_ASSERTIONS = NO;
				ENABLE_STRICT_OBJC_MSGSEND = YES;
				GCC_C_LANGUAGE_STANDARD = gnu99;
				GCC_WARN_64_TO_32_BIT_CONVERSION = YES;
				GCC_WARN_ABOUT_RETURN_TYPE = YES_ERROR;
				GCC_WARN_UNDECLARED_SELECTOR = YES;
				GCC_WARN_UNINITIALIZED_AUTOS = YES_AGGRESSIVE;
				GCC_WARN_UNUSED_FUNCTION = YES;
				GCC_WARN_UNUSED_VARIABLE = YES;
				IPHONEOS_DEPLOYMENT_TARGET = 8.1;
				MTL_ENABLE_DEBUG_INFO = NO;
				SDKROOT = iphoneos;
				TARGETED_DEVICE_FAMILY = "1,2";
				VALIDATE_PRODUCT = YES;
			};
			name = Release;
		};
		2CF038901A82BC8700CA1BAE /* Debug */ = {
			isa = XCBuildConfiguration;
			buildSettings = {
				ASSETCATALOG_COMPILER_APPICON_NAME = AppIcon;
				CODE_SIGN_ENTITLEMENTS = NSConfArg2015Handoff/NSConfArg2015Handoff.entitlements;
				INFOPLIST_FILE = NSConfArg2015Handoff/Info.plist;
				LD_RUNPATH_SEARCH_PATHS = "$(inherited) @executable_path/Frameworks";
				PRODUCT_NAME = "$(TARGET_NAME)";
			};
			name = Debug;
		};
		2CF038911A82BC8700CA1BAE /* Release */ = {
			isa = XCBuildConfiguration;
			buildSettings = {
				ASSETCATALOG_COMPILER_APPICON_NAME = AppIcon;
				CODE_SIGN_ENTITLEMENTS = NSConfArg2015Handoff/NSConfArg2015Handoff.entitlements;
				INFOPLIST_FILE = NSConfArg2015Handoff/Info.plist;
				LD_RUNPATH_SEARCH_PATHS = "$(inherited) @executable_path/Frameworks";
				PRODUCT_NAME = "$(TARGET_NAME)";
			};
			name = Release;
		};
		2CF038931A82BC8700CA1BAE /* Debug */ = {
			isa = XCBuildConfiguration;
			buildSettings = {
				BUNDLE_LOADER = "$(TEST_HOST)";
				FRAMEWORK_SEARCH_PATHS = (
					"$(SDKROOT)/Developer/Library/Frameworks",
					"$(inherited)",
				);
				GCC_PREPROCESSOR_DEFINITIONS = (
					"DEBUG=1",
					"$(inherited)",
				);
				INFOPLIST_FILE = NSConfArg2015HandoffTests/Info.plist;
				LD_RUNPATH_SEARCH_PATHS = "$(inherited) @executable_path/Frameworks @loader_path/Frameworks";
				PRODUCT_NAME = "$(TARGET_NAME)";
				TEST_HOST = "$(BUILT_PRODUCTS_DIR)/NSConfArg2015Handoff.app/NSConfArg2015Handoff";
			};
			name = Debug;
		};
		2CF038941A82BC8700CA1BAE /* Release */ = {
			isa = XCBuildConfiguration;
			buildSettings = {
				BUNDLE_LOADER = "$(TEST_HOST)";
				FRAMEWORK_SEARCH_PATHS = (
					"$(SDKROOT)/Developer/Library/Frameworks",
					"$(inherited)",
				);
				INFOPLIST_FILE = NSConfArg2015HandoffTests/Info.plist;
				LD_RUNPATH_SEARCH_PATHS = "$(inherited) @executable_path/Frameworks @loader_path/Frameworks";
				PRODUCT_NAME = "$(TARGET_NAME)";
				TEST_HOST = "$(BUILT_PRODUCTS_DIR)/NSConfArg2015Handoff.app/NSConfArg2015Handoff";
			};
			name = Release;
		};
/* End XCBuildConfiguration section */

/* Begin XCConfigurationList section */
		2CF038671A82BC8700CA1BAE /* Build configuration list for PBXProject "NSConfArg2015Handoff" */ = {
			isa = XCConfigurationList;
			buildConfigurations = (
				2CF0388D1A82BC8700CA1BAE /* Debug */,
				2CF0388E1A82BC8700CA1BAE /* Release */,
			);
			defaultConfigurationIsVisible = 0;
			defaultConfigurationName = Release;
		};
		2CF0388F1A82BC8700CA1BAE /* Build configuration list for PBXNativeTarget "NSConfArg2015Handoff" */ = {
			isa = XCConfigurationList;
			buildConfigurations = (
				2CF038901A82BC8700CA1BAE /* Debug */,
				2CF038911A82BC8700CA1BAE /* Release */,
			);
			defaultConfigurationIsVisible = 0;
			defaultConfigurationName = Release;
		};
		2CF038921A82BC8700CA1BAE /* Build configuration list for PBXNativeTarget "NSConfArg2015HandoffTests" */ = {
			isa = XCConfigurationList;
			buildConfigurations = (
				2CF038931A82BC8700CA1BAE /* Debug */,
				2CF038941A82BC8700CA1BAE /* Release */,
			);
			defaultConfigurationIsVisible = 0;
			defaultConfigurationName = Release;
		};
/* End XCConfigurationList section */
	};
	rootObject = 2CF038641A82BC8700CA1BAE /* Project object */;
}
